
Microsoft Visual Studio Solution File, Format Version 12.00
# Visual Studio Version 17
VisualStudioVersion = 17.0.32112.339
MinimumVisualStudioVersion = 10.0.40219.1
Project("{FAE04EC0-301F-11D3-BF4B-00C04F79EFBC}") = "Flash_Kullanimi", "Flash_Kullanimi\Flash_Kullanimi.csproj", "{9BA1D5FE-2704-40C2-A0CD-073B497B0A1C}"
EndProject
Global
	GlobalSection(SolutionConfigurationPlatforms) = preSolution
		Debug|Any CPU = Debug|Any CPU
		Release|Any CPU = Release|Any CPU
	EndGlobalSection
	GlobalSection(ProjectConfigurationPlatforms) = postSolution
		{9BA1D5FE-2704-40C2-A0CD-073B497B0A1C}.Debug|Any CPU.ActiveCfg = Debug|Any CPU
		{9BA1D5FE-2704-40C2-A0CD-073B497B0A1C}.Debug|Any CPU.Build.0 = Debug|Any CPU
		{9BA1D5FE-2704-40C2-A0CD-073B497B0A1C}.Debug|Any CPU.Deploy.0 = Debug|Any CPU
		{9BA1D5FE-2704-40C2-A0CD-073B497B0A1C}.Release|Any CPU.ActiveCfg = Release|Any CPU
		{9BA1D5FE-2704-40C2-A0CD-073B497B0A1C}.Release|Any CPU.Build.0 = Release|Any CPU
		{9BA1D5FE-2704-40C2-A0CD-073B497B0A1C}.Release|Any CPU.Deploy.0 = Release|Any CPU
	EndGlobalSection
	GlobalSection(SolutionProperties) = preSolution
		HideSolutionNode = FALSE
	EndGlobalSection
	GlobalSection(ExtensibilityGlobals) = postSolution
		SolutionGuid = {9C22DF6B-D2B0-4475-B385-65DC8C771B3C}
	EndGlobalSection
EndGlobal
